// !$*UTF8*$!
{
	archiveVersion = 1;
	classes = {
	};
	objectVersion = 50;
	objects = {

/* Begin PBXBuildFile section */
		C00AE95D235DB858002D595D /* AppDelegate.swift in Sources */ = {isa = PBXBuildFile; fileRef = C00AE95C235DB858002D595D /* AppDelegate.swift */; };
		C00AE95F235DB858002D595D /* SceneDelegate.swift in Sources */ = {isa = PBXBuildFile; fileRef = C00AE95E235DB858002D595D /* SceneDelegate.swift */; };
		C00AE961235DB858002D595D /* ContentView.swift in Sources */ = {isa = PBXBuildFile; fileRef = C00AE960235DB858002D595D /* ContentView.swift */; };
		C00AE963235DB85B002D595D /* Assets.xcassets in Resources */ = {isa = PBXBuildFile; fileRef = C00AE962235DB85B002D595D /* Assets.xcassets */; };
		C00AE966235DB85B002D595D /* Preview Assets.xcassets in Resources */ = {isa = PBXBuildFile; fileRef = C00AE965235DB85B002D595D /* Preview Assets.xcassets */; };
		C00AE969235DB85B002D595D /* LaunchScreen.storyboard in Resources */ = {isa = PBXBuildFile; fileRef = C00AE967235DB85B002D595D /* LaunchScreen.storyboard */; };
		C00AE973235DB900002D595D /* Tarea.swift in Sources */ = {isa = PBXBuildFile; fileRef = C00AE972235DB900002D595D /* Tarea.swift */; };
		C00AE975235DBA2F002D595D /* ListaTareas.swift in Sources */ = {isa = PBXBuildFile; fileRef = C00AE974235DBA2F002D595D /* ListaTareas.swift */; };
		C086E979235DF29F00827323 /* VistaTarea.swift in Sources */ = {isa = PBXBuildFile; fileRef = C086E978235DF29F00827323 /* VistaTarea.swift */; };
		C09547B52360607000EE903F /* Reloj.swift in Sources */ = {isa = PBXBuildFile; fileRef = C09547B42360607000EE903F /* Reloj.swift */; };
		C0BD748C235F1E58009B29A3 /* Colores.swift in Sources */ = {isa = PBXBuildFile; fileRef = C0BD748B235F1E58009B29A3 /* Colores.swift */; };
/* End PBXBuildFile section */

/* Begin PBXFileReference section */
		C00AE959235DB858002D595D /* newCronoTask.app */ = {isa = PBXFileReference; explicitFileType = wrapper.application; includeInIndex = 0; path = newCronoTask.app; sourceTree = BUILT_PRODUCTS_DIR; };
		C00AE95C235DB858002D595D /* AppDelegate.swift */ = {isa = PBXFileReference; lastKnownFileType = sourcecode.swift; path = AppDelegate.swift; sourceTree = "<group>"; };
		C00AE95E235DB858002D595D /* SceneDelegate.swift */ = {isa = PBXFileReference; lastKnownFileType = sourcecode.swift; path = SceneDelegate.swift; sourceTree = "<group>"; };
		C00AE960235DB858002D595D /* ContentView.swift */ = {isa = PBXFileReference; lastKnownFileType = sourcecode.swift; path = ContentView.swift; sourceTree = "<group>"; };
		C00AE962235DB85B002D595D /* Assets.xcassets */ = {isa = PBXFileReference; lastKnownFileType = folder.assetcatalog; path = Assets.xcassets; sourceTree = "<group>"; };
		C00AE965235DB85B002D595D /* Preview Assets.xcassets */ = {isa = PBXFileReference; lastKnownFileType = folder.assetcatalog; path = "Preview Assets.xcassets"; sourceTree = "<group>"; };
		C00AE968235DB85B002D595D /* Base */ = {isa = PBXFileReference; lastKnownFileType = file.storyboard; name = Base; path = Base.lproj/LaunchScreen.storyboard; sourceTree = "<group>"; };
		C00AE96A235DB85B002D595D /* Info.plist */ = {isa = PBXFileReference; lastKnownFileType = text.plist.xml; path = Info.plist; sourceTree = "<group>"; };
		C00AE972235DB900002D595D /* Tarea.swift */ = {isa = PBXFileReference; lastKnownFileType = sourcecode.swift; path = Tarea.swift; sourceTree = "<group>"; };
		C00AE974235DBA2F002D595D /* ListaTareas.swift */ = {isa = PBXFileReference; lastKnownFileType = sourcecode.swift; path = ListaTareas.swift; sourceTree = "<group>"; };
		C086E978235DF29F00827323 /* VistaTarea.swift */ = {isa = PBXFileReference; lastKnownFileType = sourcecode.swift; path = VistaTarea.swift; sourceTree = "<group>"; };
		C09547B42360607000EE903F /* Reloj.swift */ = {isa = PBXFileReference; fileEncoding = 4; lastKnownFileType = sourcecode.swift; path = Reloj.swift; sourceTree = "<group>"; };
		C0BD748B235F1E58009B29A3 /* Colores.swift */ = {isa = PBXFileReference; lastKnownFileType = sourcecode.swift; path = Colores.swift; sourceTree = "<group>"; };
/* End PBXFileReference section */

/* Begin PBXFrameworksBuildPhase section */
		C00AE956235DB858002D595D /* Frameworks */ = {
			isa = PBXFrameworksBuildPhase;
			buildActionMask = 2147483647;
			files = (
			);
			runOnlyForDeploymentPostprocessing = 0;
		};
/* End PBXFrameworksBuildPhase section */

/* Begin PBXGroup section */
		C00AE950235DB858002D595D = {
			isa = PBXGroup;
			children = (
				C00AE95B235DB858002D595D /* newCronoTask */,
				C00AE95A235DB858002D595D /* Products */,
			);
			sourceTree = "<group>";
		};
		C00AE95A235DB858002D595D /* Products */ = {
			isa = PBXGroup;
			children = (
				C00AE959235DB858002D595D /* newCronoTask.app */,
			);
			name = Products;
			sourceTree = "<group>";
		};
		C00AE95B235DB858002D595D /* newCronoTask */ = {
			isa = PBXGroup;
			children = (
				C00AE970235DB8D5002D595D /* Modelo */,
				C00AE95C235DB858002D595D /* AppDelegate.swift */,
				C00AE95E235DB858002D595D /* SceneDelegate.swift */,
				C00AE971235DB8E5002D595D /* Vistas */,
				C00AE962235DB85B002D595D /* Assets.xcassets */,
				C00AE967235DB85B002D595D /* LaunchScreen.storyboard */,
				C00AE96A235DB85B002D595D /* Info.plist */,
				C00AE964235DB85B002D595D /* Preview Content */,
				C0BD748B235F1E58009B29A3 /* Colores.swift */,
			);
			path = newCronoTask;
			sourceTree = "<group>";
		};
		C00AE964235DB85B002D595D /* Preview Content */ = {
			isa = PBXGroup;
			children = (
				C00AE965235DB85B002D595D /* Preview Assets.xcassets */,
			);
			path = "Preview Content";
			sourceTree = "<group>";
		};
		C00AE970235DB8D5002D595D /* Modelo */ = {
			isa = PBXGroup;
			children = (
				C09547B42360607000EE903F /* Reloj.swift */,
				C00AE972235DB900002D595D /* Tarea.swift */,
				C00AE974235DBA2F002D595D /* ListaTareas.swift */,
			);
			path = Modelo;
			sourceTree = "<group>";
		};
		C00AE971235DB8E5002D595D /* Vistas */ = {
			isa = PBXGroup;
			children = (
				C00AE960235DB858002D595D /* ContentView.swift */,
				C086E978235DF29F00827323 /* VistaTarea.swift */,
			);
			path = Vistas;
			sourceTree = "<group>";
		};
/* End PBXGroup section */

/* Begin PBXNativeTarget section */
		C00AE958235DB858002D595D /* newCronoTask */ = {
			isa = PBXNativeTarget;
			buildConfigurationList = C00AE96D235DB85B002D595D /* Build configuration list for PBXNativeTarget "newCronoTask" */;
			buildPhases = (
				C00AE955235DB858002D595D /* Sources */,
				C00AE956235DB858002D595D /* Frameworks */,
				C00AE957235DB858002D595D /* Resources */,
			);
			buildRules = (
			);
			dependencies = (
			);
			name = newCronoTask;
			productName = newCronoTask;
			productReference = C00AE959235DB858002D595D /* newCronoTask.app */;
			productType = "com.apple.product-type.application";
		};
/* End PBXNativeTarget section */

/* Begin PBXProject section */
		C00AE951235DB858002D595D /* Project object */ = {
			isa = PBXProject;
			attributes = {
				LastSwiftUpdateCheck = 1100;
				LastUpgradeCheck = 1100;
				ORGANIZATIONNAME = "Alberto Banet Masa";
				TargetAttributes = {
					C00AE958235DB858002D595D = {
						CreatedOnToolsVersion = 11.0;
					};
				};
			};
			buildConfigurationList = C00AE954235DB858002D595D /* Build configuration list for PBXProject "newCronoTask" */;
			compatibilityVersion = "Xcode 9.3";
			developmentRegion = en;
			hasScannedForEncodings = 0;
			knownRegions = (
				en,
				Base,
			);
			mainGroup = C00AE950235DB858002D595D;
			productRefGroup = C00AE95A235DB858002D595D /* Products */;
			projectDirPath = "";
			projectRoot = "";
			targets = (
				C00AE958235DB858002D595D /* newCronoTask */,
			);
		};
/* End PBXProject section */

/* Begin PBXResourcesBuildPhase section */
		C00AE957235DB858002D595D /* Resources */ = {
			isa = PBXResourcesBuildPhase;
			buildActionMask = 2147483647;
			files = (
				C00AE969235DB85B002D595D /* LaunchScreen.storyboard in Resources */,
				C00AE966235DB85B002D595D /* Preview Assets.xcassets in Resources */,
				C00AE963235DB85B002D595D /* Assets.xcassets in Resources */,
			);
			runOnlyForDeploymentPostprocessing = 0;
		};
/* End PBXResourcesBuildPhase section */

/* Begin PBXSourcesBuildPhase section */
		C00AE955235DB858002D595D /* Sources */ = {
			isa = PBXSourcesBuildPhase;
			buildActionMask = 2147483647;
			files = (
				C00AE975235DBA2F002D595D /* ListaTareas.swift in Sources */,
				C0BD748C235F1E58009B29A3 /* Colores.swift in Sources */,
				C09547B52360607000EE903F /* Reloj.swift in Sources */,
				C086E979235DF29F00827323 /* VistaTarea.swift in Sources */,
				C00AE95D235DB858002D595D /* AppDelegate.swift in Sources */,
				C00AE95F235DB858002D595D /* SceneDelegate.swift in Sources */,
				C00AE961235DB858002D595D /* ContentView.swift in Sources */,
				C00AE973235DB900002D595D /* Tarea.swift in Sources */,
			);
			runOnlyForDeploymentPostprocessing = 0;
		};
/* End PBXSourcesBuildPhase section */

/* Begin PBXVariantGroup section */
		C00AE967235DB85B002D595D /* LaunchScreen.storyboard */ = {
			isa = PBXVariantGroup;
			children = (
				C00AE968235DB85B002D595D /* Base */,
			);
			name = LaunchScreen.storyboard;
			sourceTree = "<group>";
		};
/* End PBXVariantGroup section */

/* Begin XCBuildConfiguration section */
		C00AE96B235DB85B002D595D /* Debug */ = {
			isa = XCBuildConfiguration;
			buildSettings = {
				ALWAYS_SEARCH_USER_PATHS = NO;
				CLANG_ANALYZER_NONNULL = YES;
				CLANG_ANALYZER_NUMBER_OBJECT_CONVERSION = YES_AGGRESSIVE;
				CLANG_CXX_LANGUAGE_STANDARD = "gnu++14";
				CLANG_CXX_LIBRARY = "libc++";
				CLANG_ENABLE_MODULES = YES;
				CLANG_ENABLE_OBJC_ARC = YES;
				CLANG_ENABLE_OBJC_WEAK = YES;
				CLANG_WARN_BLOCK_CAPTURE_AUTORELEASING = YES;
				CLANG_WARN_BOOL_CONVERSION = YES;
				CLANG_WARN_COMMA = YES;
				CLANG_WARN_CONSTANT_CONVERSION = YES;
				CLANG_WARN_DEPRECATED_OBJC_IMPLEMENTATIONS = YES;
				CLANG_WARN_DIRECT_OBJC_ISA_USAGE = YES_ERROR;
				CLANG_WARN_DOCUMENTATION_COMMENTS = YES;
				CLANG_WARN_EMPTY_BODY = YES;
				CLANG_WARN_ENUM_CONVERSION = YES;
				CLANG_WARN_INFINITE_RECURSION = YES;
				CLANG_WARN_INT_CONVERSION = YES;
				CLANG_WARN_NON_LITERAL_NULL_CONVERSION = YES;
				CLANG_WARN_OBJC_IMPLICIT_RETAIN_SELF = YES;
				CLANG_WARN_OBJC_LITERAL_CONVERSION = YES;
				CLANG_WARN_OBJC_ROOT_CLASS = YES_ERROR;
				CLANG_WARN_RANGE_LOOP_ANALYSIS = YES;
				CLANG_WARN_STRICT_PROTOTYPES = YES;
				CLANG_WARN_SUSPICIOUS_MOVE = YES;
				CLANG_WARN_UNGUARDED_AVAILABILITY = YES_AGGRESSIVE;
				CLANG_WARN_UNREACHABLE_CODE = YES;
				CLANG_WARN__DUPLICATE_METHOD_MATCH = YES;
				COPY_PHASE_STRIP = NO;
				DEBUG_INFORMATION_FORMAT = dwarf;
				ENABLE_STRICT_OBJC_MSGSEND = YES;
				ENABLE_TESTABILITY = YES;
				GCC_C_LANGUAGE_STANDARD = gnu11;
				GCC_DYNAMIC_NO_PIC = NO;
				GCC_NO_COMMON_BLOCKS = YES;
				GCC_OPTIMIZATION_LEVEL = 0;
				GCC_PREPROCESSOR_DEFINITIONS = (
					"DEBUG=1",
					"$(inherited)",
				);
				GCC_WARN_64_TO_32_BIT_CONVERSION = YES;
				GCC_WARN_ABOUT_RETURN_TYPE = YES_ERROR;
				GCC_WARN_UNDECLARED_SELECTOR = YES;
				GCC_WARN_UNINITIALIZED_AUTOS = YES_AGGRESSIVE;
				GCC_WARN_UNUSED_FUNCTION = YES;
				GCC_WARN_UNUSED_VARIABLE = YES;
				IPHONEOS_DEPLOYMENT_TARGET = 13.0;
				MTL_ENABLE_DEBUG_INFO = INCLUDE_SOURCE;
				MTL_FAST_MATH = YES;
				ONLY_ACTIVE_ARCH = YES;
				SDKROOT = iphoneos;
				SWIFT_ACTIVE_COMPILATION_CONDITIONS = DEBUG;
				SWIFT_OPTIMIZATION_LEVEL = "-Onone";
			};
			name = Debug;
		};
		C00AE96C235DB85B002D595D /* Release */ = {
			isa = XCBuildConfiguration;
			buildSettings = {
				ALWAYS_SEARCH_USER_PATHS = NO;
				CLANG_ANALYZER_NONNULL = YES;
				CLANG_ANALYZER_NUMBER_OBJECT_CONVERSION = YES_AGGRESSIVE;
				CLANG_CXX_LANGUAGE_STANDARD = "gnu++14";
				CLANG_CXX_LIBRARY = "libc++";
				CLANG_ENABLE_MODULES = YES;
				CLANG_ENABLE_OBJC_ARC = YES;
				CLANG_ENABLE_OBJC_WEAK = YES;
				CLANG_WARN_BLOCK_CAPTURE_AUTORELEASING = YES;
				CLANG_WARN_BOOL_CONVERSION = YES;
				CLANG_WARN_COMMA = YES;
				CLANG_WARN_CONSTANT_CONVERSION = YES;
				CLANG_WARN_DEPRECATED_OBJC_IMPLEMENTATIONS = YES;
				CLANG_WARN_DIRECT_OBJC_ISA_USAGE = YES_ERROR;
				CLANG_WARN_DOCUMENTATION_COMMENTS = YES;
				CLANG_WARN_EMPTY_BODY = YES;
				CLANG_WARN_ENUM_CONVERSION = YES;
				CLANG_WARN_INFINITE_RECURSION = YES;
				CLANG_WARN_INT_CONVERSION = YES;
				CLANG_WARN_NON_LITERAL_NULL_CONVERSION = YES;
				CLANG_WARN_OBJC_IMPLICIT_RETAIN_SELF = YES;
				CLANG_WARN_OBJC_LITERAL_CONVERSION = YES;
				CLANG_WARN_OBJC_ROOT_CLASS = YES_ERROR;
				CLANG_WARN_RANGE_LOOP_ANALYSIS = YES;
				CLANG_WARN_STRICT_PROTOTYPES = YES;
				CLANG_WARN_SUSPICIOUS_MOVE = YES;
				CLANG_WARN_UNGUARDED_AVAILABILITY = YES_AGGRESSIVE;
				CLANG_WARN_UNREACHABLE_CODE = YES;
				CLANG_WARN__DUPLICATE_METHOD_MATCH = YES;
				COPY_PHASE_STRIP = NO;
				DEBUG_INFORMATION_FORMAT = "dwarf-with-dsym";
				ENABLE_NS_ASSERTIONS = NO;
				ENABLE_STRICT_OBJC_MSGSEND = YES;
				GCC_C_LANGUAGE_STANDARD = gnu11;
				GCC_NO_COMMON_BLOCKS = YES;
				GCC_WARN_64_TO_32_BIT_CONVERSION = YES;
				GCC_WARN_ABOUT_RETURN_TYPE = YES_ERROR;
				GCC_WARN_UNDECLARED_SELECTOR = YES;
				GCC_WARN_UNINITIALIZED_AUTOS = YES_AGGRESSIVE;
				GCC_WARN_UNUSED_FUNCTION = YES;
				GCC_WARN_UNUSED_VARIABLE = YES;
				IPHONEOS_DEPLOYMENT_TARGET = 13.0;
				MTL_ENABLE_DEBUG_INFO = NO;
				MTL_FAST_MATH = YES;
				SDKROOT = iphoneos;
				SWIFT_COMPILATION_MODE = wholemodule;
				SWIFT_OPTIMIZATION_LEVEL = "-O";
				VALIDATE_PRODUCT = YES;
			};
			name = Release;
		};
		C00AE96E235DB85B002D595D /* Debug */ = {
			isa = XCBuildConfiguration;
			buildSettings = {
				ASSETCATALOG_COMPILER_APPICON_NAME = AppIcon;
				CODE_SIGN_STYLE = Automatic;
				DEVELOPMENT_ASSET_PATHS = "\"newCronoTask/Preview Content\"";
				DEVELOPMENT_TEAM = FLU98JG66T;
				ENABLE_PREVIEWS = YES;
				INFOPLIST_FILE = newCronoTask/Info.plist;
				LD_RUNPATH_SEARCH_PATHS = (
					"$(inherited)",
					"@executable_path/Frameworks",
				);
				PRODUCT_BUNDLE_IDENTIFIER = es.codigoswift.newCronoTask;
				PRODUCT_NAME = "$(TARGET_NAME)";
				SWIFT_VERSION = 5.0;
				TARGETED_DEVICE_FAMILY = "1,2";
			};
			name = Debug;
		};
		C00AE96F235DB85B002D595D /* Release */ = {
			isa = XCBuildConfiguration;
			buildSettings = {
				ASSETCATALOG_COMPILER_APPICON_NAME = AppIcon;
				CODE_SIGN_STYLE = Automatic;
				DEVELOPMENT_ASSET_PATHS = "\"newCronoTask/Preview Content\"";
				DEVELOPMENT_TEAM = FLU98JG66T;
				ENABLE_PREVIEWS = YES;
				INFOPLIST_FILE = newCronoTask/Info.plist;
				LD_RUNPATH_SEARCH_PATHS = (
					"$(inherited)",
					"@executable_path/Frameworks",
				);
				PRODUCT_BUNDLE_IDENTIFIER = es.codigoswift.newCronoTask;
				PRODUCT_NAME = "$(TARGET_NAME)";
				SWIFT_VERSION = 5.0;
				TARGETED_DEVICE_FAMILY = "1,2";
			};
			name = Release;
		};
/* End XCBuildConfiguration section */

/* Begin XCConfigurationList section */
		C00AE954235DB858002D595D /* Build configuration list for PBXProject "newCronoTask" */ = {
			isa = XCConfigurationList;
			buildConfigurations = (
				C00AE96B235DB85B002D595D /* Debug */,
				C00AE96C235DB85B002D595D /* Release */,
			);
			defaultConfigurationIsVisible = 0;
			defaultConfigurationName = Release;
		};
		C00AE96D235DB85B002D595D /* Build configuration list for PBXNativeTarget "newCronoTask" */ = {
			isa = XCConfigurationList;
			buildConfigurations = (
				C00AE96E235DB85B002D595D /* Debug */,
				C00AE96F235DB85B002D595D /* Release */,
			);
			defaultConfigurationIsVisible = 0;
			defaultConfigurationName = Release;
		};
/* End XCConfigurationList section */
	};
	rootObject = C00AE951235DB858002D595D /* Project object */;
}
